// !$*UTF8*$!
{
	archiveVersion = 1;
	classes = {
	};
	objectVersion = 50;
	objects = {

/* Begin PBXBuildFile section */
		2E70E9DE2166028E005AA9B1 /* NetworkRequest.swift in Sources */ = {isa = PBXBuildFile; fileRef = 2E70E9DC2166028E005AA9B1 /* NetworkRequest.swift */; };
		2E70E9DF2166028E005AA9B1 /* ApiResource.swift in Sources */ = {isa = PBXBuildFile; fileRef = 2E70E9DD2166028E005AA9B1 /* ApiResource.swift */; };
		2E70E9E12166038D005AA9B1 /* MD5.swift in Sources */ = {isa = PBXBuildFile; fileRef = 2E70E9E02166038C005AA9B1 /* MD5.swift */; };
		2E70E9E421660585005AA9B1 /* ViewController.swift in Sources */ = {isa = PBXBuildFile; fileRef = 2E70E9E321660585005AA9B1 /* ViewController.swift */; };
		2E8F91AC216501770065F120 /* Resource.swift in Sources */ = {isa = PBXBuildFile; fileRef = 2E8F91AB216501770065F120 /* Resource.swift */; };
		2E8F91AE216502080065F120 /* Networking.swift in Sources */ = {isa = PBXBuildFile; fileRef = 2E8F91AD216502080065F120 /* Networking.swift */; };
		2E8F91B0216502620065F120 /* User.swift in Sources */ = {isa = PBXBuildFile; fileRef = 2E8F91AF216502620065F120 /* User.swift */; };
		2E8F91B2216505AE0065F120 /* NetworkService.swift in Sources */ = {isa = PBXBuildFile; fileRef = 2E8F91B1216505AE0065F120 /* NetworkService.swift */; };
		2EC959D4215036E700270B41 /* AppDelegate.swift in Sources */ = {isa = PBXBuildFile; fileRef = 2EC959D3215036E700270B41 /* AppDelegate.swift */; };
		2EC959D9215036E700270B41 /* Main.storyboard in Resources */ = {isa = PBXBuildFile; fileRef = 2EC959D7215036E700270B41 /* Main.storyboard */; };
		2EC959DB215036E800270B41 /* Assets.xcassets in Resources */ = {isa = PBXBuildFile; fileRef = 2EC959DA215036E800270B41 /* Assets.xcassets */; };
		2EC959DE215036E800270B41 /* LaunchScreen.storyboard in Resources */ = {isa = PBXBuildFile; fileRef = 2EC959DC215036E800270B41 /* LaunchScreen.storyboard */; };
		2EC959E9215036E800270B41 /* NetworkLayerTests.swift in Sources */ = {isa = PBXBuildFile; fileRef = 2EC959E8215036E800270B41 /* NetworkLayerTests.swift */; };
		2EC959F4215036E800270B41 /* NetworkLayerUITests.swift in Sources */ = {isa = PBXBuildFile; fileRef = 2EC959F3215036E800270B41 /* NetworkLayerUITests.swift */; };
/* End PBXBuildFile section */

/* Begin PBXContainerItemProxy section */
		2EC959E5215036E800270B41 /* PBXContainerItemProxy */ = {
			isa = PBXContainerItemProxy;
			containerPortal = 2EC959C8215036E700270B41 /* Project object */;
			proxyType = 1;
			remoteGlobalIDString = 2EC959CF215036E700270B41;
			remoteInfo = NetworkLayer;
		};
		2EC959F0215036E800270B41 /* PBXContainerItemProxy */ = {
			isa = PBXContainerItemProxy;
			containerPortal = 2EC959C8215036E700270B41 /* Project object */;
			proxyType = 1;
			remoteGlobalIDString = 2EC959CF215036E700270B41;
			remoteInfo = NetworkLayer;
		};
/* End PBXContainerItemProxy section */

/* Begin PBXFileReference section */
		2E70E9DC2166028E005AA9B1 /* NetworkRequest.swift */ = {isa = PBXFileReference; fileEncoding = 4; lastKnownFileType = sourcecode.swift; path = NetworkRequest.swift; sourceTree = "<group>"; };
		2E70E9DD2166028E005AA9B1 /* ApiResource.swift */ = {isa = PBXFileReference; fileEncoding = 4; lastKnownFileType = sourcecode.swift; path = ApiResource.swift; sourceTree = "<group>"; };
		2E70E9E02166038C005AA9B1 /* MD5.swift */ = {isa = PBXFileReference; fileEncoding = 4; lastKnownFileType = sourcecode.swift; path = MD5.swift; sourceTree = "<group>"; };
		2E70E9E321660585005AA9B1 /* ViewController.swift */ = {isa = PBXFileReference; lastKnownFileType = sourcecode.swift; path = ViewController.swift; sourceTree = "<group>"; };
		2E8F91AB216501770065F120 /* Resource.swift */ = {isa = PBXFileReference; lastKnownFileType = sourcecode.swift; path = Resource.swift; sourceTree = "<group>"; };
		2E8F91AD216502080065F120 /* Networking.swift */ = {isa = PBXFileReference; lastKnownFileType = sourcecode.swift; path = Networking.swift; sourceTree = "<group>"; };
		2E8F91AF216502620065F120 /* User.swift */ = {isa = PBXFileReference; fileEncoding = 4; lastKnownFileType = sourcecode.swift; path = User.swift; sourceTree = "<group>"; };
		2E8F91B1216505AE0065F120 /* NetworkService.swift */ = {isa = PBXFileReference; lastKnownFileType = sourcecode.swift; path = NetworkService.swift; sourceTree = "<group>"; };
		2EC959D0215036E700270B41 /* NetworkLayer.app */ = {isa = PBXFileReference; explicitFileType = wrapper.application; includeInIndex = 0; path = NetworkLayer.app; sourceTree = BUILT_PRODUCTS_DIR; };
		2EC959D3215036E700270B41 /* AppDelegate.swift */ = {isa = PBXFileReference; lastKnownFileType = sourcecode.swift; path = AppDelegate.swift; sourceTree = "<group>"; };
		2EC959D8215036E700270B41 /* Base */ = {isa = PBXFileReference; lastKnownFileType = file.storyboard; name = Base; path = Base.lproj/Main.storyboard; sourceTree = "<group>"; };
		2EC959DA215036E800270B41 /* Assets.xcassets */ = {isa = PBXFileReference; lastKnownFileType = folder.assetcatalog; path = Assets.xcassets; sourceTree = "<group>"; };
		2EC959DD215036E800270B41 /* Base */ = {isa = PBXFileReference; lastKnownFileType = file.storyboard; name = Base; path = Base.lproj/LaunchScreen.storyboard; sourceTree = "<group>"; };
		2EC959DF215036E800270B41 /* Info.plist */ = {isa = PBXFileReference; lastKnownFileType = text.plist.xml; path = Info.plist; sourceTree = "<group>"; };
		2EC959E4215036E800270B41 /* NetworkLayerTests.xctest */ = {isa = PBXFileReference; explicitFileType = wrapper.cfbundle; includeInIndex = 0; path = NetworkLayerTests.xctest; sourceTree = BUILT_PRODUCTS_DIR; };
		2EC959E8215036E800270B41 /* NetworkLayerTests.swift */ = {isa = PBXFileReference; lastKnownFileType = sourcecode.swift; path = NetworkLayerTests.swift; sourceTree = "<group>"; };
		2EC959EA215036E800270B41 /* Info.plist */ = {isa = PBXFileReference; lastKnownFileType = text.plist.xml; path = Info.plist; sourceTree = "<group>"; };
		2EC959EF215036E800270B41 /* NetworkLayerUITests.xctest */ = {isa = PBXFileReference; explicitFileType = wrapper.cfbundle; includeInIndex = 0; path = NetworkLayerUITests.xctest; sourceTree = BUILT_PRODUCTS_DIR; };
		2EC959F3215036E800270B41 /* NetworkLayerUITests.swift */ = {isa = PBXFileReference; lastKnownFileType = sourcecode.swift; path = NetworkLayerUITests.swift; sourceTree = "<group>"; };
		2EC959F5215036E800270B41 /* Info.plist */ = {isa = PBXFileReference; lastKnownFileType = text.plist.xml; path = Info.plist; sourceTree = "<group>"; };
/* End PBXFileReference section */

/* Begin PBXFrameworksBuildPhase section */
		2EC959CD215036E700270B41 /* Frameworks */ = {
			isa = PBXFrameworksBuildPhase;
			buildActionMask = 2147483647;
			files = (
			);
			runOnlyForDeploymentPostprocessing = 0;
		};
		2EC959E1215036E800270B41 /* Frameworks */ = {
			isa = PBXFrameworksBuildPhase;
			buildActionMask = 2147483647;
			files = (
			);
			runOnlyForDeploymentPostprocessing = 0;
		};
		2EC959EC215036E800270B41 /* Frameworks */ = {
			isa = PBXFrameworksBuildPhase;
			buildActionMask = 2147483647;
			files = (
			);
			runOnlyForDeploymentPostprocessing = 0;
		};
/* End PBXFrameworksBuildPhase section */

/* Begin PBXGroup section */
		2E70E9E221660395005AA9B1 /* Helpers */ = {
			isa = PBXGroup;
			children = (
				2E70E9E02166038C005AA9B1 /* MD5.swift */,
			);
			path = Helpers;
			sourceTree = "<group>";
		};
		2EC959C7215036E700270B41 = {
			isa = PBXGroup;
			children = (
				2EC959D2215036E700270B41 /* NetworkLayer */,
				2EC959E7215036E800270B41 /* NetworkLayerTests */,
				2EC959F2215036E800270B41 /* NetworkLayerUITests */,
				2EC959D1215036E700270B41 /* Products */,
			);
			sourceTree = "<group>";
		};
		2EC959D1215036E700270B41 /* Products */ = {
			isa = PBXGroup;
			children = (
				2EC959D0215036E700270B41 /* NetworkLayer.app */,
				2EC959E4215036E800270B41 /* NetworkLayerTests.xctest */,
				2EC959EF215036E800270B41 /* NetworkLayerUITests.xctest */,
			);
			name = Products;
			sourceTree = "<group>";
		};
		2EC959D2215036E700270B41 /* NetworkLayer */ = {
			isa = PBXGroup;
			children = (
				2EC95A012150374400270B41 /* Application */,
				2EC95A022150375100270B41 /* Model */,
				2EC95A032150375900270B41 /* ViewController */,
				2EC959D7215036E700270B41 /* Main.storyboard */,
				2EC95A042150376A00270B41 /* Networking */,
				2EC959DA215036E800270B41 /* Assets.xcassets */,
				2E70E9E221660395005AA9B1 /* Helpers */,
				2EC959DC215036E800270B41 /* LaunchScreen.storyboard */,
				2EC959DF215036E800270B41 /* Info.plist */,
			);
			path = NetworkLayer;
			sourceTree = "<group>";
		};
		2EC959E7215036E800270B41 /* NetworkLayerTests */ = {
			isa = PBXGroup;
			children = (
				2EC959E8215036E800270B41 /* NetworkLayerTests.swift */,
				2EC959EA215036E800270B41 /* Info.plist */,
			);
			path = NetworkLayerTests;
			sourceTree = "<group>";
		};
		2EC959F2215036E800270B41 /* NetworkLayerUITests */ = {
			isa = PBXGroup;
			children = (
				2EC959F3215036E800270B41 /* NetworkLayerUITests.swift */,
				2EC959F5215036E800270B41 /* Info.plist */,
			);
			path = NetworkLayerUITests;
			sourceTree = "<group>";
		};
		2EC95A012150374400270B41 /* Application */ = {
			isa = PBXGroup;
			children = (
				2EC959D3215036E700270B41 /* AppDelegate.swift */,
			);
			path = Application;
			sourceTree = "<group>";
		};
		2EC95A022150375100270B41 /* Model */ = {
			isa = PBXGroup;
			children = (
				2E8F91AF216502620065F120 /* User.swift */,
			);
			path = Model;
			sourceTree = "<group>";
		};
		2EC95A032150375900270B41 /* ViewController */ = {
			isa = PBXGroup;
			children = (
				2E70E9E321660585005AA9B1 /* ViewController.swift */,
			);
			path = ViewController;
			sourceTree = "<group>";
		};
		2EC95A042150376A00270B41 /* Networking */ = {
			isa = PBXGroup;
			children = (
				2E70E9DD2166028E005AA9B1 /* ApiResource.swift */,
				2E70E9DC2166028E005AA9B1 /* NetworkRequest.swift */,
				2EC95A08215037B500270B41 /* EndPoint */,
				2EC95A07215037AD00270B41 /* Manager */,
				2EC95A06215037A400270B41 /* Service */,
			);
			path = Networking;
			sourceTree = "<group>";
		};
		2EC95A06215037A400270B41 /* Service */ = {
			isa = PBXGroup;
			children = (
			);
			path = Service;
			sourceTree = "<group>";
		};
		2EC95A07215037AD00270B41 /* Manager */ = {
			isa = PBXGroup;
			children = (
				2E8F91AB216501770065F120 /* Resource.swift */,
				2E8F91AD216502080065F120 /* Networking.swift */,
				2E8F91B1216505AE0065F120 /* NetworkService.swift */,
			);
			path = Manager;
			sourceTree = "<group>";
		};
		2EC95A08215037B500270B41 /* EndPoint */ = {
			isa = PBXGroup;
			children = (
			);
			path = EndPoint;
			sourceTree = "<group>";
		};
/* End PBXGroup section */

/* Begin PBXNativeTarget section */
		2EC959CF215036E700270B41 /* NetworkLayer */ = {
			isa = PBXNativeTarget;
			buildConfigurationList = 2EC959F8215036E800270B41 /* Build configuration list for PBXNativeTarget "NetworkLayer" */;
			buildPhases = (
				2EC959CC215036E700270B41 /* Sources */,
				2EC959CD215036E700270B41 /* Frameworks */,
				2EC959CE215036E700270B41 /* Resources */,
			);
			buildRules = (
			);
			dependencies = (
			);
			name = NetworkLayer;
			productName = NetworkLayer;
			productReference = 2EC959D0215036E700270B41 /* NetworkLayer.app */;
			productType = "com.apple.product-type.application";
		};
		2EC959E3215036E800270B41 /* NetworkLayerTests */ = {
			isa = PBXNativeTarget;
			buildConfigurationList = 2EC959FB215036E800270B41 /* Build configuration list for PBXNativeTarget "NetworkLayerTests" */;
			buildPhases = (
				2EC959E0215036E800270B41 /* Sources */,
				2EC959E1215036E800270B41 /* Frameworks */,
				2EC959E2215036E800270B41 /* Resources */,
			);
			buildRules = (
			);
			dependencies = (
				2EC959E6215036E800270B41 /* PBXTargetDependency */,
			);
			name = NetworkLayerTests;
			productName = NetworkLayerTests;
			productReference = 2EC959E4215036E800270B41 /* NetworkLayerTests.xctest */;
			productType = "com.apple.product-type.bundle.unit-test";
		};
		2EC959EE215036E800270B41 /* NetworkLayerUITests */ = {
			isa = PBXNativeTarget;
			buildConfigurationList = 2EC959FE215036E800270B41 /* Build configuration list for PBXNativeTarget "NetworkLayerUITests" */;
			buildPhases = (
				2EC959EB215036E800270B41 /* Sources */,
				2EC959EC215036E800270B41 /* Frameworks */,
				2EC959ED215036E800270B41 /* Resources */,
			);
			buildRules = (
			);
			dependencies = (
				2EC959F1215036E800270B41 /* PBXTargetDependency */,
			);
			name = NetworkLayerUITests;
			productName = NetworkLayerUITests;
			productReference = 2EC959EF215036E800270B41 /* NetworkLayerUITests.xctest */;
			productType = "com.apple.product-type.bundle.ui-testing";
		};
/* End PBXNativeTarget section */

/* Begin PBXProject section */
		2EC959C8215036E700270B41 /* Project object */ = {
			isa = PBXProject;
			attributes = {
				LastSwiftUpdateCheck = 1000;
				LastUpgradeCheck = 1000;
				ORGANIZATIONNAME = "Marcin Karski";
				TargetAttributes = {
					2EC959CF215036E700270B41 = {
						CreatedOnToolsVersion = 10.0;
					};
					2EC959E3215036E800270B41 = {
						CreatedOnToolsVersion = 10.0;
						TestTargetID = 2EC959CF215036E700270B41;
					};
					2EC959EE215036E800270B41 = {
						CreatedOnToolsVersion = 10.0;
						TestTargetID = 2EC959CF215036E700270B41;
					};
				};
			};
			buildConfigurationList = 2EC959CB215036E700270B41 /* Build configuration list for PBXProject "NetworkLayer" */;
			compatibilityVersion = "Xcode 9.3";
			developmentRegion = en;
			hasScannedForEncodings = 0;
			knownRegions = (
				en,
				Base,
			);
			mainGroup = 2EC959C7215036E700270B41;
			productRefGroup = 2EC959D1215036E700270B41 /* Products */;
			projectDirPath = "";
			projectRoot = "";
			targets = (
				2EC959CF215036E700270B41 /* NetworkLayer */,
				2EC959E3215036E800270B41 /* NetworkLayerTests */,
				2EC959EE215036E800270B41 /* NetworkLayerUITests */,
			);
		};
/* End PBXProject section */

/* Begin PBXResourcesBuildPhase section */
		2EC959CE215036E700270B41 /* Resources */ = {
			isa = PBXResourcesBuildPhase;
			buildActionMask = 2147483647;
			files = (
				2EC959DE215036E800270B41 /* LaunchScreen.storyboard in Resources */,
				2EC959DB215036E800270B41 /* Assets.xcassets in Resources */,
				2EC959D9215036E700270B41 /* Main.storyboard in Resources */,
			);
			runOnlyForDeploymentPostprocessing = 0;
		};
		2EC959E2215036E800270B41 /* Resources */ = {
			isa = PBXResourcesBuildPhase;
			buildActionMask = 2147483647;
			files = (
			);
			runOnlyForDeploymentPostprocessing = 0;
		};
		2EC959ED215036E800270B41 /* Resources */ = {
			isa = PBXResourcesBuildPhase;
			buildActionMask = 2147483647;
			files = (
			);
			runOnlyForDeploymentPostprocessing = 0;
		};
/* End PBXResourcesBuildPhase section */

/* Begin PBXSourcesBuildPhase section */
		2EC959CC215036E700270B41 /* Sources */ = {
			isa = PBXSourcesBuildPhase;
			buildActionMask = 2147483647;
			files = (
				2E70E9E421660585005AA9B1 /* ViewController.swift in Sources */,
				2E70E9DE2166028E005AA9B1 /* NetworkRequest.swift in Sources */,
				2EC959D4215036E700270B41 /* AppDelegate.swift in Sources */,
				2E70E9DF2166028E005AA9B1 /* ApiResource.swift in Sources */,
				2E8F91AC216501770065F120 /* Resource.swift in Sources */,
				2E8F91B0216502620065F120 /* User.swift in Sources */,
				2E70E9E12166038D005AA9B1 /* MD5.swift in Sources */,
				2E8F91B2216505AE0065F120 /* NetworkService.swift in Sources */,
				2E8F91AE216502080065F120 /* Networking.swift in Sources */,
			);
			runOnlyForDeploymentPostprocessing = 0;
		};
		2EC959E0215036E800270B41 /* Sources */ = {
			isa = PBXSourcesBuildPhase;
			buildActionMask = 2147483647;
			files = (
				2EC959E9215036E800270B41 /* NetworkLayerTests.swift in Sources */,
			);
			runOnlyForDeploymentPostprocessing = 0;
		};
		2EC959EB215036E800270B41 /* Sources */ = {
			isa = PBXSourcesBuildPhase;
			buildActionMask = 2147483647;
			files = (
				2EC959F4215036E800270B41 /* NetworkLayerUITests.swift in Sources */,
			);
			runOnlyForDeploymentPostprocessing = 0;
		};
/* End PBXSourcesBuildPhase section */

/* Begin PBXTargetDependency section */
		2EC959E6215036E800270B41 /* PBXTargetDependency */ = {
			isa = PBXTargetDependency;
			target = 2EC959CF215036E700270B41 /* NetworkLayer */;
			targetProxy = 2EC959E5215036E800270B41 /* PBXContainerItemProxy */;
		};
		2EC959F1215036E800270B41 /* PBXTargetDependency */ = {
			isa = PBXTargetDependency;
			target = 2EC959CF215036E700270B41 /* NetworkLayer */;
			targetProxy = 2EC959F0215036E800270B41 /* PBXContainerItemProxy */;
		};
/* End PBXTargetDependency section */

/* Begin PBXVariantGroup section */
		2EC959D7215036E700270B41 /* Main.storyboard */ = {
			isa = PBXVariantGroup;
			children = (
				2EC959D8215036E700270B41 /* Base */,
			);
			name = Main.storyboard;
			sourceTree = "<group>";
		};
		2EC959DC215036E800270B41 /* LaunchScreen.storyboard */ = {
			isa = PBXVariantGroup;
			children = (
				2EC959DD215036E800270B41 /* Base */,
			);
			name = LaunchScreen.storyboard;
			sourceTree = "<group>";
		};
/* End PBXVariantGroup section */

/* Begin XCBuildConfiguration section */
		2EC959F6215036E800270B41 /* Debug */ = {
			isa = XCBuildConfiguration;
			buildSettings = {
				ALWAYS_SEARCH_USER_PATHS = NO;
				CLANG_ANALYZER_NONNULL = YES;
				CLANG_ANALYZER_NUMBER_OBJECT_CONVERSION = YES_AGGRESSIVE;
				CLANG_CXX_LANGUAGE_STANDARD = "gnu++14";
				CLANG_CXX_LIBRARY = "libc++";
				CLANG_ENABLE_MODULES = YES;
				CLANG_ENABLE_OBJC_ARC = YES;
				CLANG_ENABLE_OBJC_WEAK = YES;
				CLANG_WARN_BLOCK_CAPTURE_AUTORELEASING = YES;
				CLANG_WARN_BOOL_CONVERSION = YES;
				CLANG_WARN_COMMA = YES;
				CLANG_WARN_CONSTANT_CONVERSION = YES;
				CLANG_WARN_DEPRECATED_OBJC_IMPLEMENTATIONS = YES;
				CLANG_WARN_DIRECT_OBJC_ISA_USAGE = YES_ERROR;
				CLANG_WARN_DOCUMENTATION_COMMENTS = YES;
				CLANG_WARN_EMPTY_BODY = YES;
				CLANG_WARN_ENUM_CONVERSION = YES;
				CLANG_WARN_INFINITE_RECURSION = YES;
				CLANG_WARN_INT_CONVERSION = YES;
				CLANG_WARN_NON_LITERAL_NULL_CONVERSION = YES;
				CLANG_WARN_OBJC_IMPLICIT_RETAIN_SELF = YES;
				CLANG_WARN_OBJC_LITERAL_CONVERSION = YES;
				CLANG_WARN_OBJC_ROOT_CLASS = YES_ERROR;
				CLANG_WARN_RANGE_LOOP_ANALYSIS = YES;
				CLANG_WARN_STRICT_PROTOTYPES = YES;
				CLANG_WARN_SUSPICIOUS_MOVE = YES;
				CLANG_WARN_UNGUARDED_AVAILABILITY = YES_AGGRESSIVE;
				CLANG_WARN_UNREACHABLE_CODE = YES;
				CLANG_WARN__DUPLICATE_METHOD_MATCH = YES;
				CODE_SIGN_IDENTITY = "iPhone Developer";
				COPY_PHASE_STRIP = NO;
				DEBUG_INFORMATION_FORMAT = dwarf;
				ENABLE_STRICT_OBJC_MSGSEND = YES;
				ENABLE_TESTABILITY = YES;
				GCC_C_LANGUAGE_STANDARD = gnu11;
				GCC_DYNAMIC_NO_PIC = NO;
				GCC_NO_COMMON_BLOCKS = YES;
				GCC_OPTIMIZATION_LEVEL = 0;
				GCC_PREPROCESSOR_DEFINITIONS = (
					"DEBUG=1",
					"$(inherited)",
				);
				GCC_WARN_64_TO_32_BIT_CONVERSION = YES;
				GCC_WARN_ABOUT_RETURN_TYPE = YES_ERROR;
				GCC_WARN_UNDECLARED_SELECTOR = YES;
				GCC_WARN_UNINITIALIZED_AUTOS = YES_AGGRESSIVE;
				GCC_WARN_UNUSED_FUNCTION = YES;
				GCC_WARN_UNUSED_VARIABLE = YES;
				IPHONEOS_DEPLOYMENT_TARGET = 12.0;
				MTL_ENABLE_DEBUG_INFO = INCLUDE_SOURCE;
				MTL_FAST_MATH = YES;
				ONLY_ACTIVE_ARCH = YES;
				SDKROOT = iphoneos;
				SWIFT_ACTIVE_COMPILATION_CONDITIONS = DEBUG;
				SWIFT_OPTIMIZATION_LEVEL = "-Onone";
			};
			name = Debug;
		};
		2EC959F7215036E800270B41 /* Release */ = {
			isa = XCBuildConfiguration;
			buildSettings = {
				ALWAYS_SEARCH_USER_PATHS = NO;
				CLANG_ANALYZER_NONNULL = YES;
				CLANG_ANALYZER_NUMBER_OBJECT_CONVERSION = YES_AGGRESSIVE;
				CLANG_CXX_LANGUAGE_STANDARD = "gnu++14";
				CLANG_CXX_LIBRARY = "libc++";
				CLANG_ENABLE_MODULES = YES;
				CLANG_ENABLE_OBJC_ARC = YES;
				CLANG_ENABLE_OBJC_WEAK = YES;
				CLANG_WARN_BLOCK_CAPTURE_AUTORELEASING = YES;
				CLANG_WARN_BOOL_CONVERSION = YES;
				CLANG_WARN_COMMA = YES;
				CLANG_WARN_CONSTANT_CONVERSION = YES;
				CLANG_WARN_DEPRECATED_OBJC_IMPLEMENTATIONS = YES;
				CLANG_WARN_DIRECT_OBJC_ISA_USAGE = YES_ERROR;
				CLANG_WARN_DOCUMENTATION_COMMENTS = YES;
				CLANG_WARN_EMPTY_BODY = YES;
				CLANG_WARN_ENUM_CONVERSION = YES;
				CLANG_WARN_INFINITE_RECURSION = YES;
				CLANG_WARN_INT_CONVERSION = YES;
				CLANG_WARN_NON_LITERAL_NULL_CONVERSION = YES;
				CLANG_WARN_OBJC_IMPLICIT_RETAIN_SELF = YES;
				CLANG_WARN_OBJC_LITERAL_CONVERSION = YES;
				CLANG_WARN_OBJC_ROOT_CLASS = YES_ERROR;
				CLANG_WARN_RANGE_LOOP_ANALYSIS = YES;
				CLANG_WARN_STRICT_PROTOTYPES = YES;
				CLANG_WARN_SUSPICIOUS_MOVE = YES;
				CLANG_WARN_UNGUARDED_AVAILABILITY = YES_AGGRESSIVE;
				CLANG_WARN_UNREACHABLE_CODE = YES;
				CLANG_WARN__DUPLICATE_METHOD_MATCH = YES;
				CODE_SIGN_IDENTITY = "iPhone Developer";
				COPY_PHASE_STRIP = NO;
				DEBUG_INFORMATION_FORMAT = "dwarf-with-dsym";
				ENABLE_NS_ASSERTIONS = NO;
				ENABLE_STRICT_OBJC_MSGSEND = YES;
				GCC_C_LANGUAGE_STANDARD = gnu11;
				GCC_NO_COMMON_BLOCKS = YES;
				GCC_WARN_64_TO_32_BIT_CONVERSION = YES;
				GCC_WARN_ABOUT_RETURN_TYPE = YES_ERROR;
				GCC_WARN_UNDECLARED_SELECTOR = YES;
				GCC_WARN_UNINITIALIZED_AUTOS = YES_AGGRESSIVE;
				GCC_WARN_UNUSED_FUNCTION = YES;
				GCC_WARN_UNUSED_VARIABLE = YES;
				IPHONEOS_DEPLOYMENT_TARGET = 12.0;
				MTL_ENABLE_DEBUG_INFO = NO;
				MTL_FAST_MATH = YES;
				SDKROOT = iphoneos;
				SWIFT_COMPILATION_MODE = wholemodule;
				SWIFT_OPTIMIZATION_LEVEL = "-O";
				VALIDATE_PRODUCT = YES;
			};
			name = Release;
		};
		2EC959F9215036E800270B41 /* Debug */ = {
			isa = XCBuildConfiguration;
			buildSettings = {
				ASSETCATALOG_COMPILER_APPICON_NAME = AppIcon;
				CODE_SIGN_STYLE = Automatic;
				DEVELOPMENT_TEAM = HS5M46ZGSH;
				INFOPLIST_FILE = NetworkLayer/Info.plist;
				LD_RUNPATH_SEARCH_PATHS = (
					"$(inherited)",
					"@executable_path/Frameworks",
				);
				PRODUCT_BUNDLE_IDENTIFIER = axaneo.NetworkLayer;
				PRODUCT_NAME = "$(TARGET_NAME)";
				SWIFT_VERSION = 4.2;
				TARGETED_DEVICE_FAMILY = "1,2";
			};
			name = Debug;
		};
		2EC959FA215036E800270B41 /* Release */ = {
			isa = XCBuildConfiguration;
			buildSettings = {
				ASSETCATALOG_COMPILER_APPICON_NAME = AppIcon;
				CODE_SIGN_STYLE = Automatic;
				DEVELOPMENT_TEAM = HS5M46ZGSH;
				INFOPLIST_FILE = NetworkLayer/Info.plist;
				LD_RUNPATH_SEARCH_PATHS = (
					"$(inherited)",
					"@executable_path/Frameworks",
				);
				PRODUCT_BUNDLE_IDENTIFIER = axaneo.NetworkLayer;
				PRODUCT_NAME = "$(TARGET_NAME)";
				SWIFT_VERSION = 4.2;
				TARGETED_DEVICE_FAMILY = "1,2";
			};
			name = Release;
		};
		2EC959FC215036E800270B41 /* Debug */ = {
			isa = XCBuildConfiguration;
			buildSettings = {
				ALWAYS_EMBED_SWIFT_STANDARD_LIBRARIES = YES;
				BUNDLE_LOADER = "$(TEST_HOST)";
				CODE_SIGN_STYLE = Automatic;
				DEVELOPMENT_TEAM = HS5M46ZGSH;
				INFOPLIST_FILE = NetworkLayerTests/Info.plist;
				LD_RUNPATH_SEARCH_PATHS = (
					"$(inherited)",
					"@executable_path/Frameworks",
					"@loader_path/Frameworks",
				);
				PRODUCT_BUNDLE_IDENTIFIER = axaneo.NetworkLayerTests;
				PRODUCT_NAME = "$(TARGET_NAME)";
				SWIFT_VERSION = 4.2;
				TARGETED_DEVICE_FAMILY = "1,2";
				TEST_HOST = "$(BUILT_PRODUCTS_DIR)/NetworkLayer.app/NetworkLayer";
			};
			name = Debug;
		};
		2EC959FD215036E800270B41 /* Release */ = {
			isa = XCBuildConfiguration;
			buildSettings = {
				ALWAYS_EMBED_SWIFT_STANDARD_LIBRARIES = YES;
				BUNDLE_LOADER = "$(TEST_HOST)";
				CODE_SIGN_STYLE = Automatic;
				DEVELOPMENT_TEAM = HS5M46ZGSH;
				INFOPLIST_FILE = NetworkLayerTests/Info.plist;
				LD_RUNPATH_SEARCH_PATHS = (
					"$(inherited)",
					"@executable_path/Frameworks",
					"@loader_path/Frameworks",
				);
				PRODUCT_BUNDLE_IDENTIFIER = axaneo.NetworkLayerTests;
				PRODUCT_NAME = "$(TARGET_NAME)";
				SWIFT_VERSION = 4.2;
				TARGETED_DEVICE_FAMILY = "1,2";
				TEST_HOST = "$(BUILT_PRODUCTS_DIR)/NetworkLayer.app/NetworkLayer";
			};
			name = Release;
		};
		2EC959FF215036E800270B41 /* Debug */ = {
			isa = XCBuildConfiguration;
			buildSettings = {
				ALWAYS_EMBED_SWIFT_STANDARD_LIBRARIES = YES;
				CODE_SIGN_STYLE = Automatic;
				DEVELOPMENT_TEAM = HS5M46ZGSH;
				INFOPLIST_FILE = NetworkLayerUITests/Info.plist;
				LD_RUNPATH_SEARCH_PATHS = (
					"$(inherited)",
					"@executable_path/Frameworks",
					"@loader_path/Frameworks",
				);
				PRODUCT_BUNDLE_IDENTIFIER = axaneo.NetworkLayerUITests;
				PRODUCT_NAME = "$(TARGET_NAME)";
				SWIFT_VERSION = 4.2;
				TARGETED_DEVICE_FAMILY = "1,2";
				TEST_TARGET_NAME = NetworkLayer;
			};
			name = Debug;
		};
		2EC95A00215036E800270B41 /* Release */ = {
			isa = XCBuildConfiguration;
			buildSettings = {
				ALWAYS_EMBED_SWIFT_STANDARD_LIBRARIES = YES;
				CODE_SIGN_STYLE = Automatic;
				DEVELOPMENT_TEAM = HS5M46ZGSH;
				INFOPLIST_FILE = NetworkLayerUITests/Info.plist;
				LD_RUNPATH_SEARCH_PATHS = (
					"$(inherited)",
					"@executable_path/Frameworks",
					"@loader_path/Frameworks",
				);
				PRODUCT_BUNDLE_IDENTIFIER = axaneo.NetworkLayerUITests;
				PRODUCT_NAME = "$(TARGET_NAME)";
				SWIFT_VERSION = 4.2;
				TARGETED_DEVICE_FAMILY = "1,2";
				TEST_TARGET_NAME = NetworkLayer;
			};
			name = Release;
		};
/* End XCBuildConfiguration section */

/* Begin XCConfigurationList section */
		2EC959CB215036E700270B41 /* Build configuration list for PBXProject "NetworkLayer" */ = {
			isa = XCConfigurationList;
			buildConfigurations = (
				2EC959F6215036E800270B41 /* Debug */,
				2EC959F7215036E800270B41 /* Release */,
			);
			defaultConfigurationIsVisible = 0;
			defaultConfigurationName = Release;
		};
		2EC959F8215036E800270B41 /* Build configuration list for PBXNativeTarget "NetworkLayer" */ = {
			isa = XCConfigurationList;
			buildConfigurations = (
				2EC959F9215036E800270B41 /* Debug */,
				2EC959FA215036E800270B41 /* Release */,
			);
			defaultConfigurationIsVisible = 0;
			defaultConfigurationName = Release;
		};
		2EC959FB215036E800270B41 /* Build configuration list for PBXNativeTarget "NetworkLayerTests" */ = {
			isa = XCConfigurationList;
			buildConfigurations = (
				2EC959FC215036E800270B41 /* Debug */,
				2EC959FD215036E800270B41 /* Release */,
			);
			defaultConfigurationIsVisible = 0;
			defaultConfigurationName = Release;
		};
		2EC959FE215036E800270B41 /* Build configuration list for PBXNativeTarget "NetworkLayerUITests" */ = {
			isa = XCConfigurationList;
			buildConfigurations = (
				2EC959FF215036E800270B41 /* Debug */,
				2EC95A00215036E800270B41 /* Release */,
			);
			defaultConfigurationIsVisible = 0;
			defaultConfigurationName = Release;
		};
/* End XCConfigurationList section */
	};
	rootObject = 2EC959C8215036E700270B41 /* Project object */;
}
